
Microsoft Visual Studio Solution File, Format Version 12.00
# Visual Studio Version 17
VisualStudioVersion = 17.1.32120.378
MinimumVisualStudioVersion = 10.0.40219.1
Project("{9A19103F-16F7-4668-BE54-9A1E7A4F7556}") = "DataStructures", "DataStructures\DataStructures.csproj", "{C3AEB6C6-E75D-4C26-B0A4-A49BCD609201}"
EndProject
Project("{2150E333-8FDC-42A3-9474-1A3956D46DE8}") = "Solution Items", "Solution Items", "{040674EC-E9BD-4383-92C5-DFA6B54F108D}"
	ProjectSection(SolutionItems) = preProject
		.gitignore = .gitignore
	EndProjectSection
EndProject
Project("{2150E333-8FDC-42A3-9474-1A3956D46DE8}") = "Problems", "Problems", "{33A5BB23-964A-416E-80D1-1260FFD56DDE}"
	ProjectSection(SolutionItems) = preProject
		InMemoryKeyValueStore.txt = InMemoryKeyValueStore.txt
		Recipe.txt = Recipe.txt
		WebCrawler.txt = WebCrawler.txt
	EndProjectSection
EndProject
Global
	GlobalSection(SolutionConfigurationPlatforms) = preSolution
		Debug|Any CPU = Debug|Any CPU
		Release|Any CPU = Release|Any CPU
	EndGlobalSection
	GlobalSection(ProjectConfigurationPlatforms) = postSolution
		{C3AEB6C6-E75D-4C26-B0A4-A49BCD609201}.Debug|Any CPU.ActiveCfg = Debug|Any CPU
		{C3AEB6C6-E75D-4C26-B0A4-A49BCD609201}.Debug|Any CPU.Build.0 = Debug|Any CPU
		{C3AEB6C6-E75D-4C26-B0A4-A49BCD609201}.Release|Any CPU.ActiveCfg = Release|Any CPU
		{C3AEB6C6-E75D-4C26-B0A4-A49BCD609201}.Release|Any CPU.Build.0 = Release|Any CPU
	EndGlobalSection
	GlobalSection(SolutionProperties) = preSolution
		HideSolutionNode = FALSE
	EndGlobalSection
	GlobalSection(NestedProjects) = preSolution
		{33A5BB23-964A-416E-80D1-1260FFD56DDE} = {040674EC-E9BD-4383-92C5-DFA6B54F108D}
	EndGlobalSection
	GlobalSection(ExtensibilityGlobals) = postSolution
		SolutionGuid = {E32977BE-5452-4931-BE97-F059EFCCE93D}
	EndGlobalSection
EndGlobal
